
Microsoft Visual Studio Solution File, Format Version 12.00
# Visual Studio 15
VisualStudioVersion = 15.0.26730.12
MinimumVisualStudioVersion = 10.0.40219.1
Project("{FAE04EC0-301F-11D3-BF4B-00C04F79EFBC}") = "xamarin_sqlite_connect.Android", "xamarin-sqlite-connect\xamarin_sqlite_connect.Android\xamarin_sqlite_connect.Android.csproj", "{2F83D5FB-D21A-4750-9D91-6A14D8018B40}"
EndProject
Project("{FAE04EC0-301F-11D3-BF4B-00C04F79EFBC}") = "xamarin_sqlite_connect", "xamarin-sqlite-connect\xamarin_sqlite_connect\xamarin_sqlite_connect.csproj", "{FC0EE2E5-70B3-4846-9AF0-D798A87C6A62}"
EndProject
Project("{FAE04EC0-301F-11D3-BF4B-00C04F79EFBC}") = "xamarin_sqlite_connect.iOS", "xamarin-sqlite-connect\xamarin_sqlite_connect.iOS\xamarin_sqlite_connect.iOS.csproj", "{C1DF7986-2B82-4308-91FA-96E66EE66288}"
EndProject
Global
	GlobalSection(SolutionConfigurationPlatforms) = preSolution
		Ad-Hoc|Any CPU = Ad-Hoc|Any CPU
		Ad-Hoc|ARM = Ad-Hoc|ARM
		Ad-Hoc|iPhone = Ad-Hoc|iPhone
		Ad-Hoc|iPhoneSimulator = Ad-Hoc|iPhoneSimulator
		Ad-Hoc|x64 = Ad-Hoc|x64
		Ad-Hoc|x86 = Ad-Hoc|x86
		AppStore|Any CPU = AppStore|Any CPU
		AppStore|ARM = AppStore|ARM
		AppStore|iPhone = AppStore|iPhone
		AppStore|iPhoneSimulator = AppStore|iPhoneSimulator
		AppStore|x64 = AppStore|x64
		AppStore|x86 = AppStore|x86
		Debug|Any CPU = Debug|Any CPU
		Debug|ARM = Debug|ARM
		Debug|iPhone = Debug|iPhone
		Debug|iPhoneSimulator = Debug|iPhoneSimulator
		Debug|x64 = Debug|x64
		Debug|x86 = Debug|x86
		Release|Any CPU = Release|Any CPU
		Release|ARM = Release|ARM
		Release|iPhone = Release|iPhone
		Release|iPhoneSimulator = Release|iPhoneSimulator
		Release|x64 = Release|x64
		Release|x86 = Release|x86
	EndGlobalSection
	GlobalSection(ProjectConfigurationPlatforms) = postSolution
		{2F83D5FB-D21A-4750-9D91-6A14D8018B40}.Ad-Hoc|Any CPU.ActiveCfg = Release|Any CPU
		{2F83D5FB-D21A-4750-9D91-6A14D8018B40}.Ad-Hoc|Any CPU.Build.0 = Release|Any CPU
		{2F83D5FB-D21A-4750-9D91-6A14D8018B40}.Ad-Hoc|Any CPU.Deploy.0 = Release|Any CPU
		{2F83D5FB-D21A-4750-9D91-6A14D8018B40}.Ad-Hoc|ARM.ActiveCfg = Release|Any CPU
		{2F83D5FB-D21A-4750-9D91-6A14D8018B40}.Ad-Hoc|ARM.Build.0 = Release|Any CPU
		{2F83D5FB-D21A-4750-9D91-6A14D8018B40}.Ad-Hoc|ARM.Deploy.0 = Release|Any CPU
		{2F83D5FB-D21A-4750-9D91-6A14D8018B40}.Ad-Hoc|iPhone.ActiveCfg = Release|Any CPU
		{2F83D5FB-D21A-4750-9D91-6A14D8018B40}.Ad-Hoc|iPhone.Build.0 = Release|Any CPU
		{2F83D5FB-D21A-4750-9D91-6A14D8018B40}.Ad-Hoc|iPhone.Deploy.0 = Release|Any CPU
		{2F83D5FB-D21A-4750-9D91-6A14D8018B40}.Ad-Hoc|iPhoneSimulator.ActiveCfg = Release|Any CPU
		{2F83D5FB-D21A-4750-9D91-6A14D8018B40}.Ad-Hoc|iPhoneSimulator.Build.0 = Release|Any CPU
		{2F83D5FB-D21A-4750-9D91-6A14D8018B40}.Ad-Hoc|iPhoneSimulator.Deploy.0 = Release|Any CPU
		{2F83D5FB-D21A-4750-9D91-6A14D8018B40}.Ad-Hoc|x64.ActiveCfg = Release|Any CPU
		{2F83D5FB-D21A-4750-9D91-6A14D8018B40}.Ad-Hoc|x64.Build.0 = Release|Any CPU
		{2F83D5FB-D21A-4750-9D91-6A14D8018B40}.Ad-Hoc|x64.Deploy.0 = Release|Any CPU
		{2F83D5FB-D21A-4750-9D91-6A14D8018B40}.Ad-Hoc|x86.ActiveCfg = Release|Any CPU
		{2F83D5FB-D21A-4750-9D91-6A14D8018B40}.Ad-Hoc|x86.Build.0 = Release|Any CPU
		{2F83D5FB-D21A-4750-9D91-6A14D8018B40}.Ad-Hoc|x86.Deploy.0 = Release|Any CPU
		{2F83D5FB-D21A-4750-9D91-6A14D8018B40}.AppStore|Any CPU.ActiveCfg = Release|Any CPU
		{2F83D5FB-D21A-4750-9D91-6A14D8018B40}.AppStore|Any CPU.Build.0 = Release|Any CPU
		{2F83D5FB-D21A-4750-9D91-6A14D8018B40}.AppStore|Any CPU.Deploy.0 = Release|Any CPU
		{2F83D5FB-D21A-4750-9D91-6A14D8018B40}.AppStore|ARM.ActiveCfg = Release|Any CPU
		{2F83D5FB-D21A-4750-9D91-6A14D8018B40}.AppStore|ARM.Build.0 = Release|Any CPU
		{2F83D5FB-D21A-4750-9D91-6A14D8018B40}.AppStore|ARM.Deploy.0 = Release|Any CPU
		{2F83D5FB-D21A-4750-9D91-6A14D8018B40}.AppStore|iPhone.ActiveCfg = Release|Any CPU
		{2F83D5FB-D21A-4750-9D91-6A14D8018B40}.AppStore|iPhone.Build.0 = Release|Any CPU
		{2F83D5FB-D21A-4750-9D91-6A14D8018B40}.AppStore|iPhone.Deploy.0 = Release|Any CPU
		{2F83D5FB-D21A-4750-9D91-6A14D8018B40}.AppStore|iPhoneSimulator.ActiveCfg = Release|Any CPU
		{2F83D5FB-D21A-4750-9D91-6A14D8018B40}.AppStore|iPhoneSimulator.Build.0 = Release|Any CPU
		{2F83D5FB-D21A-4750-9D91-6A14D8018B40}.AppStore|iPhoneSimulator.Deploy.0 = Release|Any CPU
		{2F83D5FB-D21A-4750-9D91-6A14D8018B40}.AppStore|x64.ActiveCfg = Release|Any CPU
		{2F83D5FB-D21A-4750-9D91-6A14D8018B40}.AppStore|x64.Build.0 = Release|Any CPU
		{2F83D5FB-D21A-4750-9D91-6A14D8018B40}.AppStore|x64.Deploy.0 = Release|Any CPU
		{2F83D5FB-D21A-4750-9D91-6A14D8018B40}.AppStore|x86.ActiveCfg = Release|Any CPU
		{2F83D5FB-D21A-4750-9D91-6A14D8018B40}.AppStore|x86.Build.0 = Release|Any CPU
		{2F83D5FB-D21A-4750-9D91-6A14D8018B40}.AppStore|x86.Deploy.0 = Release|Any CPU
		{2F83D5FB-D21A-4750-9D91-6A14D8018B40}.Debug|Any CPU.ActiveCfg = Debug|Any CPU
		{2F83D5FB-D21A-4750-9D91-6A14D8018B40}.Debug|Any CPU.Build.0 = Debug|Any CPU
		{2F83D5FB-D21A-4750-9D91-6A14D8018B40}.Debug|Any CPU.Deploy.0 = Debug|Any CPU
		{2F83D5FB-D21A-4750-9D91-6A14D8018B40}.Debug|ARM.ActiveCfg = Debug|Any CPU
		{2F83D5FB-D21A-4750-9D91-6A14D8018B40}.Debug|ARM.Build.0 = Debug|Any CPU
		{2F83D5FB-D21A-4750-9D91-6A14D8018B40}.Debug|ARM.Deploy.0 = Debug|Any CPU
		{2F83D5FB-D21A-4750-9D91-6A14D8018B40}.Debug|iPhone.ActiveCfg = Debug|Any CPU
		{2F83D5FB-D21A-4750-9D91-6A14D8018B40}.Debug|iPhone.Build.0 = Debug|Any CPU
		{2F83D5FB-D21A-4750-9D91-6A14D8018B40}.Debug|iPhone.Deploy.0 = Debug|Any CPU
		{2F83D5FB-D21A-4750-9D91-6A14D8018B40}.Debug|iPhoneSimulator.ActiveCfg = Debug|Any CPU
		{2F83D5FB-D21A-4750-9D91-6A14D8018B40}.Debug|iPhoneSimulator.Build.0 = Debug|Any CPU
		{2F83D5FB-D21A-4750-9D91-6A14D8018B40}.Debug|iPhoneSimulator.Deploy.0 = Debug|Any CPU
		{2F83D5FB-D21A-4750-9D91-6A14D8018B40}.Debug|x64.ActiveCfg = Debug|Any CPU
		{2F83D5FB-D21A-4750-9D91-6A14D8018B40}.Debug|x64.Build.0 = Debug|Any CPU
		{2F83D5FB-D21A-4750-9D91-6A14D8018B40}.Debug|x64.Deploy.0 = Debug|Any CPU
		{2F83D5FB-D21A-4750-9D91-6A14D8018B40}.Debug|x86.ActiveCfg = Debug|Any CPU
		{2F83D5FB-D21A-4750-9D91-6A14D8018B40}.Debug|x86.Build.0 = Debug|Any CPU
		{2F83D5FB-D21A-4750-9D91-6A14D8018B40}.Debug|x86.Deploy.0 = Debug|Any CPU
		{2F83D5FB-D21A-4750-9D91-6A14D8018B40}.Release|Any CPU.ActiveCfg = Release|Any CPU
		{2F83D5FB-D21A-4750-9D91-6A14D8018B40}.Release|Any CPU.Build.0 = Release|Any CPU
		{2F83D5FB-D21A-4750-9D91-6A14D8018B40}.Release|Any CPU.Deploy.0 = Release|Any CPU
		{2F83D5FB-D21A-4750-9D91-6A14D8018B40}.Release|ARM.ActiveCfg = Release|Any CPU
		{2F83D5FB-D21A-4750-9D91-6A14D8018B40}.Release|ARM.Build.0 = Release|Any CPU
		{2F83D5FB-D21A-4750-9D91-6A14D8018B40}.Release|ARM.Deploy.0 = Release|Any CPU
		{2F83D5FB-D21A-4750-9D91-6A14D8018B40}.Release|iPhone.ActiveCfg = Release|Any CPU
		{2F83D5FB-D21A-4750-9D91-6A14D8018B40}.Release|iPhone.Build.0 = Release|Any CPU
		{2F83D5FB-D21A-4750-9D91-6A14D8018B40}.Release|iPhone.Deploy.0 = Release|Any CPU
		{2F83D5FB-D21A-4750-9D91-6A14D8018B40}.Release|iPhoneSimulator.ActiveCfg = Release|Any CPU
		{2F83D5FB-D21A-4750-9D91-6A14D8018B40}.Release|iPhoneSimulator.Build.0 = Release|Any CPU
		{2F83D5FB-D21A-4750-9D91-6A14D8018B40}.Release|iPhoneSimulator.Deploy.0 = Release|Any CPU
		{2F83D5FB-D21A-4750-9D91-6A14D8018B40}.Release|x64.ActiveCfg = Release|Any CPU
		{2F83D5FB-D21A-4750-9D91-6A14D8018B40}.Release|x64.Build.0 = Release|Any CPU
		{2F83D5FB-D21A-4750-9D91-6A14D8018B40}.Release|x64.Deploy.0 = Release|Any CPU
		{2F83D5FB-D21A-4750-9D91-6A14D8018B40}.Release|x86.ActiveCfg = Release|Any CPU
		{2F83D5FB-D21A-4750-9D91-6A14D8018B40}.Release|x86.Build.0 = Release|Any CPU
		{2F83D5FB-D21A-4750-9D91-6A14D8018B40}.Release|x86.Deploy.0 = Release|Any CPU
		{FC0EE2E5-70B3-4846-9AF0-D798A87C6A62}.Ad-Hoc|Any CPU.ActiveCfg = Release|Any CPU
		{FC0EE2E5-70B3-4846-9AF0-D798A87C6A62}.Ad-Hoc|Any CPU.Build.0 = Release|Any CPU
		{FC0EE2E5-70B3-4846-9AF0-D798A87C6A62}.Ad-Hoc|ARM.ActiveCfg = Release|Any CPU
		{FC0EE2E5-70B3-4846-9AF0-D798A87C6A62}.Ad-Hoc|ARM.Build.0 = Release|Any CPU
		{FC0EE2E5-70B3-4846-9AF0-D798A87C6A62}.Ad-Hoc|iPhone.ActiveCfg = Release|Any CPU
		{FC0EE2E5-70B3-4846-9AF0-D798A87C6A62}.Ad-Hoc|iPhone.Build.0 = Release|Any CPU
		{FC0EE2E5-70B3-4846-9AF0-D798A87C6A62}.Ad-Hoc|iPhoneSimulator.ActiveCfg = Release|Any CPU
		{FC0EE2E5-70B3-4846-9AF0-D798A87C6A62}.Ad-Hoc|iPhoneSimulator.Build.0 = Release|Any CPU
		{FC0EE2E5-70B3-4846-9AF0-D798A87C6A62}.Ad-Hoc|x64.ActiveCfg = Release|Any CPU
		{FC0EE2E5-70B3-4846-9AF0-D798A87C6A62}.Ad-Hoc|x64.Build.0 = Release|Any CPU
		{FC0EE2E5-70B3-4846-9AF0-D798A87C6A62}.Ad-Hoc|x86.ActiveCfg = Release|Any CPU
		{FC0EE2E5-70B3-4846-9AF0-D798A87C6A62}.Ad-Hoc|x86.Build.0 = Release|Any CPU
		{FC0EE2E5-70B3-4846-9AF0-D798A87C6A62}.AppStore|Any CPU.ActiveCfg = Release|Any CPU
		{FC0EE2E5-70B3-4846-9AF0-D798A87C6A62}.AppStore|Any CPU.Build.0 = Release|Any CPU
		{FC0EE2E5-70B3-4846-9AF0-D798A87C6A62}.AppStore|ARM.ActiveCfg = Release|Any CPU
		{FC0EE2E5-70B3-4846-9AF0-D798A87C6A62}.AppStore|ARM.Build.0 = Release|Any CPU
		{FC0EE2E5-70B3-4846-9AF0-D798A87C6A62}.AppStore|iPhone.ActiveCfg = Release|Any CPU
		{FC0EE2E5-70B3-4846-9AF0-D798A87C6A62}.AppStore|iPhone.Build.0 = Release|Any CPU
		{FC0EE2E5-70B3-4846-9AF0-D798A87C6A62}.AppStore|iPhoneSimulator.ActiveCfg = Release|Any CPU
		{FC0EE2E5-70B3-4846-9AF0-D798A87C6A62}.AppStore|iPhoneSimulator.Build.0 = Release|Any CPU
		{FC0EE2E5-70B3-4846-9AF0-D798A87C6A62}.AppStore|x64.ActiveCfg = Release|Any CPU
		{FC0EE2E5-70B3-4846-9AF0-D798A87C6A62}.AppStore|x64.Build.0 = Release|Any CPU
		{FC0EE2E5-70B3-4846-9AF0-D798A87C6A62}.AppStore|x86.ActiveCfg = Release|Any CPU
		{FC0EE2E5-70B3-4846-9AF0-D798A87C6A62}.AppStore|x86.Build.0 = Release|Any CPU
		{FC0EE2E5-70B3-4846-9AF0-D798A87C6A62}.Debug|Any CPU.ActiveCfg = Debug|Any CPU
		{FC0EE2E5-70B3-4846-9AF0-D798A87C6A62}.Debug|Any CPU.Build.0 = Debug|Any CPU
		{FC0EE2E5-70B3-4846-9AF0-D798A87C6A62}.Debug|ARM.ActiveCfg = Debug|Any CPU
		{FC0EE2E5-70B3-4846-9AF0-D798A87C6A62}.Debug|ARM.Build.0 = Debug|Any CPU
		{FC0EE2E5-70B3-4846-9AF0-D798A87C6A62}.Debug|iPhone.ActiveCfg = Debug|Any CPU
		{FC0EE2E5-70B3-4846-9AF0-D798A87C6A62}.Debug|iPhone.Build.0 = Debug|Any CPU
		{FC0EE2E5-70B3-4846-9AF0-D798A87C6A62}.Debug|iPhoneSimulator.ActiveCfg = Debug|Any CPU
		{FC0EE2E5-70B3-4846-9AF0-D798A87C6A62}.Debug|iPhoneSimulator.Build.0 = Debug|Any CPU
		{FC0EE2E5-70B3-4846-9AF0-D798A87C6A62}.Debug|x64.ActiveCfg = Debug|Any CPU
		{FC0EE2E5-70B3-4846-9AF0-D798A87C6A62}.Debug|x64.Build.0 = Debug|Any CPU
		{FC0EE2E5-70B3-4846-9AF0-D798A87C6A62}.Debug|x86.ActiveCfg = Debug|Any CPU
		{FC0EE2E5-70B3-4846-9AF0-D798A87C6A62}.Debug|x86.Build.0 = Debug|Any CPU
		{FC0EE2E5-70B3-4846-9AF0-D798A87C6A62}.Release|Any CPU.ActiveCfg = Release|Any CPU
		{FC0EE2E5-70B3-4846-9AF0-D798A87C6A62}.Release|Any CPU.Build.0 = Release|Any CPU
		{FC0EE2E5-70B3-4846-9AF0-D798A87C6A62}.Release|ARM.ActiveCfg = Release|Any CPU
		{FC0EE2E5-70B3-4846-9AF0-D798A87C6A62}.Release|ARM.Build.0 = Release|Any CPU
		{FC0EE2E5-70B3-4846-9AF0-D798A87C6A62}.Release|iPhone.ActiveCfg = Release|Any CPU
		{FC0EE2E5-70B3-4846-9AF0-D798A87C6A62}.Release|iPhone.Build.0 = Release|Any CPU
		{FC0EE2E5-70B3-4846-9AF0-D798A87C6A62}.Release|iPhoneSimulator.ActiveCfg = Release|Any CPU
		{FC0EE2E5-70B3-4846-9AF0-D798A87C6A62}.Release|iPhoneSimulator.Build.0 = Release|Any CPU
		{FC0EE2E5-70B3-4846-9AF0-D798A87C6A62}.Release|x64.ActiveCfg = Release|Any CPU
		{FC0EE2E5-70B3-4846-9AF0-D798A87C6A62}.Release|x64.Build.0 = Release|Any CPU
		{FC0EE2E5-70B3-4846-9AF0-D798A87C6A62}.Release|x86.ActiveCfg = Release|Any CPU
		{FC0EE2E5-70B3-4846-9AF0-D798A87C6A62}.Release|x86.Build.0 = Release|Any CPU
		{C1DF7986-2B82-4308-91FA-96E66EE66288}.Ad-Hoc|Any CPU.ActiveCfg = Ad-Hoc|iPhone
		{C1DF7986-2B82-4308-91FA-96E66EE66288}.Ad-Hoc|ARM.ActiveCfg = Ad-Hoc|iPhone
		{C1DF7986-2B82-4308-91FA-96E66EE66288}.Ad-Hoc|iPhone.ActiveCfg = Ad-Hoc|iPhone
		{C1DF7986-2B82-4308-91FA-96E66EE66288}.Ad-Hoc|iPhone.Build.0 = Ad-Hoc|iPhone
		{C1DF7986-2B82-4308-91FA-96E66EE66288}.Ad-Hoc|iPhoneSimulator.ActiveCfg = Ad-Hoc|iPhoneSimulator
		{C1DF7986-2B82-4308-91FA-96E66EE66288}.Ad-Hoc|iPhoneSimulator.Build.0 = Ad-Hoc|iPhoneSimulator
		{C1DF7986-2B82-4308-91FA-96E66EE66288}.Ad-Hoc|x64.ActiveCfg = Ad-Hoc|iPhone
		{C1DF7986-2B82-4308-91FA-96E66EE66288}.Ad-Hoc|x86.ActiveCfg = Ad-Hoc|iPhone
		{C1DF7986-2B82-4308-91FA-96E66EE66288}.AppStore|Any CPU.ActiveCfg = AppStore|iPhone
		{C1DF7986-2B82-4308-91FA-96E66EE66288}.AppStore|ARM.ActiveCfg = AppStore|iPhone
		{C1DF7986-2B82-4308-91FA-96E66EE66288}.AppStore|iPhone.ActiveCfg = AppStore|iPhone
		{C1DF7986-2B82-4308-91FA-96E66EE66288}.AppStore|iPhone.Build.0 = AppStore|iPhone
		{C1DF7986-2B82-4308-91FA-96E66EE66288}.AppStore|iPhoneSimulator.ActiveCfg = AppStore|iPhoneSimulator
		{C1DF7986-2B82-4308-91FA-96E66EE66288}.AppStore|iPhoneSimulator.Build.0 = AppStore|iPhoneSimulator
		{C1DF7986-2B82-4308-91FA-96E66EE66288}.AppStore|x64.ActiveCfg = AppStore|iPhone
		{C1DF7986-2B82-4308-91FA-96E66EE66288}.AppStore|x86.ActiveCfg = AppStore|iPhone
		{C1DF7986-2B82-4308-91FA-96E66EE66288}.Debug|Any CPU.ActiveCfg = Debug|iPhone
		{C1DF7986-2B82-4308-91FA-96E66EE66288}.Debug|ARM.ActiveCfg = Debug|iPhone
		{C1DF7986-2B82-4308-91FA-96E66EE66288}.Debug|iPhone.ActiveCfg = Debug|iPhone
		{C1DF7986-2B82-4308-91FA-96E66EE66288}.Debug|iPhone.Build.0 = Debug|iPhone
		{C1DF7986-2B82-4308-91FA-96E66EE66288}.Debug|iPhoneSimulator.ActiveCfg = Debug|iPhoneSimulator
		{C1DF7986-2B82-4308-91FA-96E66EE66288}.Debug|iPhoneSimulator.Build.0 = Debug|iPhoneSimulator
		{C1DF7986-2B82-4308-91FA-96E66EE66288}.Debug|x64.ActiveCfg = Debug|iPhone
		{C1DF7986-2B82-4308-91FA-96E66EE66288}.Debug|x86.ActiveCfg = Debug|iPhone
		{C1DF7986-2B82-4308-91FA-96E66EE66288}.Release|Any CPU.ActiveCfg = Release|iPhone
		{C1DF7986-2B82-4308-91FA-96E66EE66288}.Release|ARM.ActiveCfg = Release|iPhone
		{C1DF7986-2B82-4308-91FA-96E66EE66288}.Release|iPhone.ActiveCfg = Release|iPhone
		{C1DF7986-2B82-4308-91FA-96E66EE66288}.Release|iPhone.Build.0 = Release|iPhone
		{C1DF7986-2B82-4308-91FA-96E66EE66288}.Release|iPhoneSimulator.ActiveCfg = Release|iPhoneSimulator
		{C1DF7986-2B82-4308-91FA-96E66EE66288}.Release|iPhoneSimulator.Build.0 = Release|iPhoneSimulator
		{C1DF7986-2B82-4308-91FA-96E66EE66288}.Release|x64.ActiveCfg = Release|iPhone
		{C1DF7986-2B82-4308-91FA-96E66EE66288}.Release|x86.ActiveCfg = Release|iPhone
	EndGlobalSection
	GlobalSection(SolutionProperties) = preSolution
		HideSolutionNode = FALSE
	EndGlobalSection
	GlobalSection(ExtensibilityGlobals) = postSolution
		SolutionGuid = {DA443741-C72C-4367-A3BB-E3CA177EF275}
	EndGlobalSection
EndGlobal
